{
  "version": 4,
  "terraform_version": "0.12.24",
  "serial": 1,
  "lineage": "342c35ad-176a-2298-2694-a7c354a4cab4",
  "outputs": {},
  "resources": [
    {
      "mode": "managed",
      "type": "aws_iam_user",
      "name": "user",
      "provider": "provider.aws",
      "instances": [
        {
          "schema_version": 0,
          "attributes": {
            "arn": "arn:aws:iam::444860001104:user/test-user",
            "force_destroy": false,
            "id": "test-user",
            "name": "test-user",
            "path": "/",
            "permissions_boundary": null,
            "tags": null,
            "unique_id": "AIDAWPE5Y5NINJNE7LWSY"
          },
          "private": "bnVsbA=="
        }
      ]
    },
    {
      "mode": "managed",
      "type": "aws_iam_user_policy_attachment",
      "name": "test-attach",
      "provider": "provider.aws",
      "instances": []
    }
  ]
}
